// !$*UTF8*$!
{
	archiveVersion = 1;
	classes = {
	};
	objectVersion = 56;
	objects = {

/* Begin PBXBuildFile section */
		F03A0F062C1AB94A00C4E900 /* AppDelegate.swift in Sources */ = {isa = PBXBuildFile; fileRef = F03A0F052C1AB94A00C4E900 /* AppDelegate.swift */; };
		F03A0F082C1AB94A00C4E900 /* SceneDelegate.swift in Sources */ = {isa = PBXBuildFile; fileRef = F03A0F072C1AB94A00C4E900 /* SceneDelegate.swift */; };
		F03A0F0F2C1AB94C00C4E900 /* Assets.xcassets in Resources */ = {isa = PBXBuildFile; fileRef = F03A0F0E2C1AB94C00C4E900 /* Assets.xcassets */; };
		F03A0F122C1AB94C00C4E900 /* LaunchScreen.storyboard in Resources */ = {isa = PBXBuildFile; fileRef = F03A0F102C1AB94C00C4E900 /* LaunchScreen.storyboard */; };
		F0DFC0372C1C31AB00016F91 /* Main.storyboard in Resources */ = {isa = PBXBuildFile; fileRef = F0DFC0362C1C31AA00016F91 /* Main.storyboard */; };
		F0DFC0392C1C331300016F91 /* CityDetailViewController.swift in Sources */ = {isa = PBXBuildFile; fileRef = F0DFC0382C1C331300016F91 /* CityDetailViewController.swift */; };
		F0DFC03B2C1C341D00016F91 /* City.swift in Sources */ = {isa = PBXBuildFile; fileRef = F0DFC03A2C1C341C00016F91 /* City.swift */; };
		F0DFC03D2C1C342500016F91 /* cityData.json in Resources */ = {isa = PBXBuildFile; fileRef = F0DFC03C2C1C342400016F91 /* cityData.json */; };
		F0DFC03F2C1C342B00016F91 /* ModelData.swift in Sources */ = {isa = PBXBuildFile; fileRef = F0DFC03E2C1C342B00016F91 /* ModelData.swift */; };
		F0DFC0412C1C343500016F91 /* Image.swift in Sources */ = {isa = PBXBuildFile; fileRef = F0DFC0402C1C343500016F91 /* Image.swift */; };
		F0DFC0432C1C34F400016F91 /* CityMasterViewController.swift in Sources */ = {isa = PBXBuildFile; fileRef = F0DFC0422C1C34F400016F91 /* CityMasterViewController.swift */; };
		F0FD54DF2C1C21F200E6692E /* GoogleService-Info.plist in Resources */ = {isa = PBXBuildFile; fileRef = F0FD54DE2C1C21F200E6692E /* GoogleService-Info.plist */; };
		F0FD54E32C1C23B200E6692E /* FirebaseAnalytics in Frameworks */ = {isa = PBXBuildFile; productRef = F0FD54E22C1C23B200E6692E /* FirebaseAnalytics */; };
		F0FD54E52C1C23BB00E6692E /* FirebaseAnalyticsOnDeviceConversion in Frameworks */ = {isa = PBXBuildFile; productRef = F0FD54E42C1C23BB00E6692E /* FirebaseAnalyticsOnDeviceConversion */; };
		F0FD54E72C1C23C900E6692E /* FirebaseFirestore in Frameworks */ = {isa = PBXBuildFile; productRef = F0FD54E62C1C23C900E6692E /* FirebaseFirestore */; };
		F0FD54E92C1C23CF00E6692E /* FirebaseStorage in Frameworks */ = {isa = PBXBuildFile; productRef = F0FD54E82C1C23CF00E6692E /* FirebaseStorage */; };
/* End PBXBuildFile section */

/* Begin PBXFileReference section */
		F03A0F022C1AB94A00C4E900 /* IOSFinalProj.app */ = {isa = PBXFileReference; explicitFileType = wrapper.application; includeInIndex = 0; path = IOSFinalProj.app; sourceTree = BUILT_PRODUCTS_DIR; };
		F03A0F052C1AB94A00C4E900 /* AppDelegate.swift */ = {isa = PBXFileReference; lastKnownFileType = sourcecode.swift; path = AppDelegate.swift; sourceTree = "<group>"; };
		F03A0F072C1AB94A00C4E900 /* SceneDelegate.swift */ = {isa = PBXFileReference; lastKnownFileType = sourcecode.swift; path = SceneDelegate.swift; sourceTree = "<group>"; };
		F03A0F0E2C1AB94C00C4E900 /* Assets.xcassets */ = {isa = PBXFileReference; lastKnownFileType = folder.assetcatalog; path = Assets.xcassets; sourceTree = "<group>"; };
		F03A0F112C1AB94C00C4E900 /* Base */ = {isa = PBXFileReference; lastKnownFileType = file.storyboard; name = Base; path = Base.lproj/LaunchScreen.storyboard; sourceTree = "<group>"; };
		F03A0F132C1AB94C00C4E900 /* Info.plist */ = {isa = PBXFileReference; lastKnownFileType = text.plist.xml; path = Info.plist; sourceTree = "<group>"; };
		F0DFC0362C1C31AA00016F91 /* Main.storyboard */ = {isa = PBXFileReference; fileEncoding = 4; lastKnownFileType = file.storyboard; path = Main.storyboard; sourceTree = "<group>"; };
		F0DFC0382C1C331300016F91 /* CityDetailViewController.swift */ = {isa = PBXFileReference; fileEncoding = 4; lastKnownFileType = sourcecode.swift; path = CityDetailViewController.swift; sourceTree = "<group>"; };
		F0DFC03A2C1C341C00016F91 /* City.swift */ = {isa = PBXFileReference; fileEncoding = 4; lastKnownFileType = sourcecode.swift; path = City.swift; sourceTree = "<group>"; };
		F0DFC03C2C1C342400016F91 /* cityData.json */ = {isa = PBXFileReference; fileEncoding = 4; lastKnownFileType = text.json; path = cityData.json; sourceTree = "<group>"; };
		F0DFC03E2C1C342B00016F91 /* ModelData.swift */ = {isa = PBXFileReference; fileEncoding = 4; lastKnownFileType = sourcecode.swift; path = ModelData.swift; sourceTree = "<group>"; };
		F0DFC0402C1C343500016F91 /* Image.swift */ = {isa = PBXFileReference; fileEncoding = 4; lastKnownFileType = sourcecode.swift; path = Image.swift; sourceTree = "<group>"; };
		F0DFC0422C1C34F400016F91 /* CityMasterViewController.swift */ = {isa = PBXFileReference; fileEncoding = 4; lastKnownFileType = sourcecode.swift; path = CityMasterViewController.swift; sourceTree = "<group>"; };
		F0FD54DE2C1C21F200E6692E /* GoogleService-Info.plist */ = {isa = PBXFileReference; fileEncoding = 4; lastKnownFileType = text.plist.xml; path = "GoogleService-Info.plist"; sourceTree = "<group>"; };
/* End PBXFileReference section */

/* Begin PBXFrameworksBuildPhase section */
		F03A0EFF2C1AB94A00C4E900 /* Frameworks */ = {
			isa = PBXFrameworksBuildPhase;
			buildActionMask = 2147483647;
			files = (
				F0FD54E32C1C23B200E6692E /* FirebaseAnalytics in Frameworks */,
				F0FD54E92C1C23CF00E6692E /* FirebaseStorage in Frameworks */,
				F0FD54E52C1C23BB00E6692E /* FirebaseAnalyticsOnDeviceConversion in Frameworks */,
				F0FD54E72C1C23C900E6692E /* FirebaseFirestore in Frameworks */,
			);
			runOnlyForDeploymentPostprocessing = 0;
		};
/* End PBXFrameworksBuildPhase section */

/* Begin PBXGroup section */
		F03A0EF92C1AB94A00C4E900 = {
			isa = PBXGroup;
			children = (
				F03A0F042C1AB94A00C4E900 /* IOSFinalProj */,
				F03A0F032C1AB94A00C4E900 /* Products */,
				F0FD54E12C1C23B200E6692E /* Frameworks */,
			);
			sourceTree = "<group>";
		};
		F03A0F032C1AB94A00C4E900 /* Products */ = {
			isa = PBXGroup;
			children = (
				F03A0F022C1AB94A00C4E900 /* IOSFinalProj.app */,
			);
			name = Products;
			sourceTree = "<group>";
		};
		F03A0F042C1AB94A00C4E900 /* IOSFinalProj */ = {
			isa = PBXGroup;
			children = (
				F03A0F052C1AB94A00C4E900 /* AppDelegate.swift */,
				F03A0F072C1AB94A00C4E900 /* SceneDelegate.swift */,
				F0DFC0382C1C331300016F91 /* CityDetailViewController.swift */,
				F0DFC0362C1C31AA00016F91 /* Main.storyboard */,
				F03A0F0E2C1AB94C00C4E900 /* Assets.xcassets */,
				F03A0F102C1AB94C00C4E900 /* LaunchScreen.storyboard */,
				F03A0F132C1AB94C00C4E900 /* Info.plist */,
				F0DFC03A2C1C341C00016F91 /* City.swift */,
				F0DFC03C2C1C342400016F91 /* cityData.json */,
				F0DFC03E2C1C342B00016F91 /* ModelData.swift */,
				F0DFC0402C1C343500016F91 /* Image.swift */,
				F0DFC0422C1C34F400016F91 /* CityMasterViewController.swift */,
				F0FD54DE2C1C21F200E6692E /* GoogleService-Info.plist */,
			);
			path = IOSFinalProj;
			sourceTree = "<group>";
		};
		F0FD54E12C1C23B200E6692E /* Frameworks */ = {
			isa = PBXGroup;
			children = (
			);
			name = Frameworks;
			sourceTree = "<group>";
		};
/* End PBXGroup section */

/* Begin PBXNativeTarget section */
		F03A0F012C1AB94A00C4E900 /* IOSFinalProj */ = {
			isa = PBXNativeTarget;
			buildConfigurationList = F03A0F162C1AB94C00C4E900 /* Build configuration list for PBXNativeTarget "IOSFinalProj" */;
			buildPhases = (
				F03A0EFE2C1AB94A00C4E900 /* Sources */,
				F03A0EFF2C1AB94A00C4E900 /* Frameworks */,
				F03A0F002C1AB94A00C4E900 /* Resources */,
			);
			buildRules = (
			);
			dependencies = (
			);
			name = IOSFinalProj;
			packageProductDependencies = (
				F0FD54E22C1C23B200E6692E /* FirebaseAnalytics */,
				F0FD54E42C1C23BB00E6692E /* FirebaseAnalyticsOnDeviceConversion */,
				F0FD54E62C1C23C900E6692E /* FirebaseFirestore */,
				F0FD54E82C1C23CF00E6692E /* FirebaseStorage */,
			);
			productName = IOSFinalProj;
			productReference = F03A0F022C1AB94A00C4E900 /* IOSFinalProj.app */;
			productType = "com.apple.product-type.application";
		};
/* End PBXNativeTarget section */

/* Begin PBXProject section */
		F03A0EFA2C1AB94A00C4E900 /* Project object */ = {
			isa = PBXProject;
			attributes = {
				BuildIndependentTargetsInParallel = 1;
				LastSwiftUpdateCheck = 1420;
				LastUpgradeCheck = 1420;
				TargetAttributes = {
					F03A0F012C1AB94A00C4E900 = {
						CreatedOnToolsVersion = 14.2;
					};
				};
			};
			buildConfigurationList = F03A0EFD2C1AB94A00C4E900 /* Build configuration list for PBXProject "IOSFinalProj" */;
			compatibilityVersion = "Xcode 14.0";
			developmentRegion = en;
			hasScannedForEncodings = 0;
			knownRegions = (
				en,
				Base,
			);
			mainGroup = F03A0EF92C1AB94A00C4E900;
			packageReferences = (
				F0FD54E02C1C22C100E6692E /* XCRemoteSwiftPackageReference "firebase-ios-sdk" */,
			);
			productRefGroup = F03A0F032C1AB94A00C4E900 /* Products */;
			projectDirPath = "";
			projectRoot = "";
			targets = (
				F03A0F012C1AB94A00C4E900 /* IOSFinalProj */,
			);
		};
/* End PBXProject section */

/* Begin PBXResourcesBuildPhase section */
		F03A0F002C1AB94A00C4E900 /* Resources */ = {
			isa = PBXResourcesBuildPhase;
			buildActionMask = 2147483647;
			files = (
				F03A0F122C1AB94C00C4E900 /* LaunchScreen.storyboard in Resources */,
				F0DFC03D2C1C342500016F91 /* cityData.json in Resources */,
				F0FD54DF2C1C21F200E6692E /* GoogleService-Info.plist in Resources */,
				F03A0F0F2C1AB94C00C4E900 /* Assets.xcassets in Resources */,
				F0DFC0372C1C31AB00016F91 /* Main.storyboard in Resources */,
			);
			runOnlyForDeploymentPostprocessing = 0;
		};
/* End PBXResourcesBuildPhase section */

/* Begin PBXSourcesBuildPhase section */
		F03A0EFE2C1AB94A00C4E900 /* Sources */ = {
			isa = PBXSourcesBuildPhase;
			buildActionMask = 2147483647;
			files = (
				F0DFC0392C1C331300016F91 /* CityDetailViewController.swift in Sources */,
				F0DFC0412C1C343500016F91 /* Image.swift in Sources */,
				F0DFC0432C1C34F400016F91 /* CityMasterViewController.swift in Sources */,
				F03A0F062C1AB94A00C4E900 /* AppDelegate.swift in Sources */,
				F0DFC03F2C1C342B00016F91 /* ModelData.swift in Sources */,
				F0DFC03B2C1C341D00016F91 /* City.swift in Sources */,
				F03A0F082C1AB94A00C4E900 /* SceneDelegate.swift in Sources */,
			);
			runOnlyForDeploymentPostprocessing = 0;
		};
/* End PBXSourcesBuildPhase section */

/* Begin PBXVariantGroup section */
		F03A0F102C1AB94C00C4E900 /* LaunchScreen.storyboard */ = {
			isa = PBXVariantGroup;
			children = (
				F03A0F112C1AB94C00C4E900 /* Base */,
			);
			name = LaunchScreen.storyboard;
			sourceTree = "<group>";
		};
/* End PBXVariantGroup section */

/* Begin XCBuildConfiguration section */
		F03A0F142C1AB94C00C4E900 /* Debug */ = {
			isa = XCBuildConfiguration;
			buildSettings = {
				ALWAYS_SEARCH_USER_PATHS = NO;
				CLANG_ANALYZER_NONNULL = YES;
				CLANG_ANALYZER_NUMBER_OBJECT_CONVERSION = YES_AGGRESSIVE;
				CLANG_CXX_LANGUAGE_STANDARD = "gnu++20";
				CLANG_ENABLE_MODULES = YES;
				CLANG_ENABLE_OBJC_ARC = YES;
				CLANG_ENABLE_OBJC_WEAK = YES;
				CLANG_WARN_BLOCK_CAPTURE_AUTORELEASING = YES;
				CLANG_WARN_BOOL_CONVERSION = YES;
				CLANG_WARN_COMMA = YES;
				CLANG_WARN_CONSTANT_CONVERSION = YES;
				CLANG_WARN_DEPRECATED_OBJC_IMPLEMENTATIONS = YES;
				CLANG_WARN_DIRECT_OBJC_ISA_USAGE = YES_ERROR;
				CLANG_WARN_DOCUMENTATION_COMMENTS = YES;
				CLANG_WARN_EMPTY_BODY = YES;
				CLANG_WARN_ENUM_CONVERSION = YES;
				CLANG_WARN_INFINITE_RECURSION = YES;
				CLANG_WARN_INT_CONVERSION = YES;
				CLANG_WARN_NON_LITERAL_NULL_CONVERSION = YES;
				CLANG_WARN_OBJC_IMPLICIT_RETAIN_SELF = YES;
				CLANG_WARN_OBJC_LITERAL_CONVERSION = YES;
				CLANG_WARN_OBJC_ROOT_CLASS = YES_ERROR;
				CLANG_WARN_QUOTED_INCLUDE_IN_FRAMEWORK_HEADER = YES;
				CLANG_WARN_RANGE_LOOP_ANALYSIS = YES;
				CLANG_WARN_STRICT_PROTOTYPES = YES;
				CLANG_WARN_SUSPICIOUS_MOVE = YES;
				CLANG_WARN_UNGUARDED_AVAILABILITY = YES_AGGRESSIVE;
				CLANG_WARN_UNREACHABLE_CODE = YES;
				CLANG_WARN__DUPLICATE_METHOD_MATCH = YES;
				COPY_PHASE_STRIP = NO;
				DEBUG_INFORMATION_FORMAT = dwarf;
				ENABLE_STRICT_OBJC_MSGSEND = YES;
				ENABLE_TESTABILITY = YES;
				GCC_C_LANGUAGE_STANDARD = gnu11;
				GCC_DYNAMIC_NO_PIC = NO;
				GCC_NO_COMMON_BLOCKS = YES;
				GCC_OPTIMIZATION_LEVEL = 0;
				GCC_PREPROCESSOR_DEFINITIONS = (
					"DEBUG=1",
					"$(inherited)",
				);
				GCC_WARN_64_TO_32_BIT_CONVERSION = YES;
				GCC_WARN_ABOUT_RETURN_TYPE = YES_ERROR;
				GCC_WARN_UNDECLARED_SELECTOR = YES;
				GCC_WARN_UNINITIALIZED_AUTOS = YES_AGGRESSIVE;
				GCC_WARN_UNUSED_FUNCTION = YES;
				GCC_WARN_UNUSED_VARIABLE = YES;
				IPHONEOS_DEPLOYMENT_TARGET = 16.2;
				MTL_ENABLE_DEBUG_INFO = INCLUDE_SOURCE;
				MTL_FAST_MATH = YES;
				ONLY_ACTIVE_ARCH = YES;
				SDKROOT = iphoneos;
				SWIFT_ACTIVE_COMPILATION_CONDITIONS = DEBUG;
				SWIFT_OPTIMIZATION_LEVEL = "-Onone";
			};
			name = Debug;
		};
		F03A0F152C1AB94C00C4E900 /* Release */ = {
			isa = XCBuildConfiguration;
			buildSettings = {
				ALWAYS_SEARCH_USER_PATHS = NO;
				CLANG_ANALYZER_NONNULL = YES;
				CLANG_ANALYZER_NUMBER_OBJECT_CONVERSION = YES_AGGRESSIVE;
				CLANG_CXX_LANGUAGE_STANDARD = "gnu++20";
				CLANG_ENABLE_MODULES = YES;
				CLANG_ENABLE_OBJC_ARC = YES;
				CLANG_ENABLE_OBJC_WEAK = YES;
				CLANG_WARN_BLOCK_CAPTURE_AUTORELEASING = YES;
				CLANG_WARN_BOOL_CONVERSION = YES;
				CLANG_WARN_COMMA = YES;
				CLANG_WARN_CONSTANT_CONVERSION = YES;
				CLANG_WARN_DEPRECATED_OBJC_IMPLEMENTATIONS = YES;
				CLANG_WARN_DIRECT_OBJC_ISA_USAGE = YES_ERROR;
				CLANG_WARN_DOCUMENTATION_COMMENTS = YES;
				CLANG_WARN_EMPTY_BODY = YES;
				CLANG_WARN_ENUM_CONVERSION = YES;
				CLANG_WARN_INFINITE_RECURSION = YES;
				CLANG_WARN_INT_CONVERSION = YES;
				CLANG_WARN_NON_LITERAL_NULL_CONVERSION = YES;
				CLANG_WARN_OBJC_IMPLICIT_RETAIN_SELF = YES;
				CLANG_WARN_OBJC_LITERAL_CONVERSION = YES;
				CLANG_WARN_OBJC_ROOT_CLASS = YES_ERROR;
				CLANG_WARN_QUOTED_INCLUDE_IN_FRAMEWORK_HEADER = YES;
				CLANG_WARN_RANGE_LOOP_ANALYSIS = YES;
				CLANG_WARN_STRICT_PROTOTYPES = YES;
				CLANG_WARN_SUSPICIOUS_MOVE = YES;
				CLANG_WARN_UNGUARDED_AVAILABILITY = YES_AGGRESSIVE;
				CLANG_WARN_UNREACHABLE_CODE = YES;
				CLANG_WARN__DUPLICATE_METHOD_MATCH = YES;
				COPY_PHASE_STRIP = NO;
				DEBUG_INFORMATION_FORMAT = "dwarf-with-dsym";
				ENABLE_NS_ASSERTIONS = NO;
				ENABLE_STRICT_OBJC_MSGSEND = YES;
				GCC_C_LANGUAGE_STANDARD = gnu11;
				GCC_NO_COMMON_BLOCKS = YES;
				GCC_WARN_64_TO_32_BIT_CONVERSION = YES;
				GCC_WARN_ABOUT_RETURN_TYPE = YES_ERROR;
				GCC_WARN_UNDECLARED_SELECTOR = YES;
				GCC_WARN_UNINITIALIZED_AUTOS = YES_AGGRESSIVE;
				GCC_WARN_UNUSED_FUNCTION = YES;
				GCC_WARN_UNUSED_VARIABLE = YES;
				IPHONEOS_DEPLOYMENT_TARGET = 16.2;
				MTL_ENABLE_DEBUG_INFO = NO;
				MTL_FAST_MATH = YES;
				SDKROOT = iphoneos;
				SWIFT_COMPILATION_MODE = wholemodule;
				SWIFT_OPTIMIZATION_LEVEL = "-O";
				VALIDATE_PRODUCT = YES;
			};
			name = Release;
		};
		F03A0F172C1AB94C00C4E900 /* Debug */ = {
			isa = XCBuildConfiguration;
			buildSettings = {
				ASSETCATALOG_COMPILER_APPICON_NAME = AppIcon;
				ASSETCATALOG_COMPILER_GLOBAL_ACCENT_COLOR_NAME = AccentColor;
				CODE_SIGN_STYLE = Automatic;
				CURRENT_PROJECT_VERSION = 1;
				GENERATE_INFOPLIST_FILE = YES;
				INFOPLIST_FILE = IOSFinalProj/Info.plist;
				INFOPLIST_KEY_UIApplicationSupportsIndirectInputEvents = YES;
				INFOPLIST_KEY_UILaunchStoryboardName = LaunchScreen;
				INFOPLIST_KEY_UIMainStoryboardFile = Main;
				INFOPLIST_KEY_UISupportedInterfaceOrientations_iPad = "UIInterfaceOrientationPortrait UIInterfaceOrientationPortraitUpsideDown UIInterfaceOrientationLandscapeLeft UIInterfaceOrientationLandscapeRight";
				INFOPLIST_KEY_UISupportedInterfaceOrientations_iPhone = "UIInterfaceOrientationPortrait UIInterfaceOrientationLandscapeLeft UIInterfaceOrientationLandscapeRight";
				LD_RUNPATH_SEARCH_PATHS = (
					"$(inherited)",
					"@executable_path/Frameworks",
				);
				MARKETING_VERSION = 1.0;
				PRODUCT_BUNDLE_IDENTIFIER = a.IOSFinalProj;
				PRODUCT_NAME = "$(TARGET_NAME)";
				SWIFT_EMIT_LOC_STRINGS = YES;
				SWIFT_VERSION = 5.0;
				TARGETED_DEVICE_FAMILY = "1,2";
			};
			name = Debug;
		};
		F03A0F182C1AB94C00C4E900 /* Release */ = {
			isa = XCBuildConfiguration;
			buildSettings = {
				ASSETCATALOG_COMPILER_APPICON_NAME = AppIcon;
				ASSETCATALOG_COMPILER_GLOBAL_ACCENT_COLOR_NAME = AccentColor;
				CODE_SIGN_STYLE = Automatic;
				CURRENT_PROJECT_VERSION = 1;
				GENERATE_INFOPLIST_FILE = YES;
				INFOPLIST_FILE = IOSFinalProj/Info.plist;
				INFOPLIST_KEY_UIApplicationSupportsIndirectInputEvents = YES;
				INFOPLIST_KEY_UILaunchStoryboardName = LaunchScreen;
				INFOPLIST_KEY_UIMainStoryboardFile = Main;
				INFOPLIST_KEY_UISupportedInterfaceOrientations_iPad = "UIInterfaceOrientationPortrait UIInterfaceOrientationPortraitUpsideDown UIInterfaceOrientationLandscapeLeft UIInterfaceOrientationLandscapeRight";
				INFOPLIST_KEY_UISupportedInterfaceOrientations_iPhone = "UIInterfaceOrientationPortrait UIInterfaceOrientationLandscapeLeft UIInterfaceOrientationLandscapeRight";
				LD_RUNPATH_SEARCH_PATHS = (
					"$(inherited)",
					"@executable_path/Frameworks",
				);
				MARKETING_VERSION = 1.0;
				PRODUCT_BUNDLE_IDENTIFIER = a.IOSFinalProj;
				PRODUCT_NAME = "$(TARGET_NAME)";
				SWIFT_EMIT_LOC_STRINGS = YES;
				SWIFT_VERSION = 5.0;
				TARGETED_DEVICE_FAMILY = "1,2";
			};
			name = Release;
		};
/* End XCBuildConfiguration section */

/* Begin XCConfigurationList section */
		F03A0EFD2C1AB94A00C4E900 /* Build configuration list for PBXProject "IOSFinalProj" */ = {
			isa = XCConfigurationList;
			buildConfigurations = (
				F03A0F142C1AB94C00C4E900 /* Debug */,
				F03A0F152C1AB94C00C4E900 /* Release */,
			);
			defaultConfigurationIsVisible = 0;
			defaultConfigurationName = Release;
		};
		F03A0F162C1AB94C00C4E900 /* Build configuration list for PBXNativeTarget "IOSFinalProj" */ = {
			isa = XCConfigurationList;
			buildConfigurations = (
				F03A0F172C1AB94C00C4E900 /* Debug */,
				F03A0F182C1AB94C00C4E900 /* Release */,
			);
			defaultConfigurationIsVisible = 0;
			defaultConfigurationName = Release;
		};
/* End XCConfigurationList section */

/* Begin XCRemoteSwiftPackageReference section */
		F0FD54E02C1C22C100E6692E /* XCRemoteSwiftPackageReference "firebase-ios-sdk" */ = {
			isa = XCRemoteSwiftPackageReference;
			repositoryURL = "https://github.com/firebase/firebase-ios-sdk";
			requirement = {
				kind = upToNextMajorVersion;
				minimumVersion = 9.0.0;
			};
		};
/* End XCRemoteSwiftPackageReference section */

/* Begin XCSwiftPackageProductDependency section */
		F0FD54E22C1C23B200E6692E /* FirebaseAnalytics */ = {
			isa = XCSwiftPackageProductDependency;
			package = F0FD54E02C1C22C100E6692E /* XCRemoteSwiftPackageReference "firebase-ios-sdk" */;
			productName = FirebaseAnalytics;
		};
		F0FD54E42C1C23BB00E6692E /* FirebaseAnalyticsOnDeviceConversion */ = {
			isa = XCSwiftPackageProductDependency;
			package = F0FD54E02C1C22C100E6692E /* XCRemoteSwiftPackageReference "firebase-ios-sdk" */;
			productName = FirebaseAnalyticsOnDeviceConversion;
		};
		F0FD54E62C1C23C900E6692E /* FirebaseFirestore */ = {
			isa = XCSwiftPackageProductDependency;
			package = F0FD54E02C1C22C100E6692E /* XCRemoteSwiftPackageReference "firebase-ios-sdk" */;
			productName = FirebaseFirestore;
		};
		F0FD54E82C1C23CF00E6692E /* FirebaseStorage */ = {
			isa = XCSwiftPackageProductDependency;
			package = F0FD54E02C1C22C100E6692E /* XCRemoteSwiftPackageReference "firebase-ios-sdk" */;
			productName = FirebaseStorage;
		};
/* End XCSwiftPackageProductDependency section */
	};
	rootObject = F03A0EFA2C1AB94A00C4E900 /* Project object */;
}
